
Microsoft Visual Studio Solution File, Format Version 12.00
# Visual Studio Version 17
VisualStudioVersion = 17.8.34330.188
MinimumVisualStudioVersion = 10.0.40219.1
Project("{FAE04EC0-301F-11D3-BF4B-00C04F79EFBC}") = "Diary", "WpfApp1\Diary.csproj", "{92125629-160B-4F34-8AAB-7516824384B6}"
EndProject
Global
	GlobalSection(SolutionConfigurationPlatforms) = preSolution
		Debug|Any CPU = Debug|Any CPU
		Release|Any CPU = Release|Any CPU
	EndGlobalSection
	GlobalSection(ProjectConfigurationPlatforms) = postSolution
		{92125629-160B-4F34-8AAB-7516824384B6}.Debug|Any CPU.ActiveCfg = Debug|Any CPU
		{92125629-160B-4F34-8AAB-7516824384B6}.Debug|Any CPU.Build.0 = Debug|Any CPU
		{92125629-160B-4F34-8AAB-7516824384B6}.Release|Any CPU.ActiveCfg = Release|Any CPU
		{92125629-160B-4F34-8AAB-7516824384B6}.Release|Any CPU.Build.0 = Release|Any CPU
	EndGlobalSection
	GlobalSection(SolutionProperties) = preSolution
		HideSolutionNode = FALSE
	EndGlobalSection
	GlobalSection(ExtensibilityGlobals) = postSolution
		SolutionGuid = {FC699B1C-25E4-4DF9-8B05-E9B2AC6A43DB}
	EndGlobalSection
EndGlobal
